[wired-ecs]
path = "../wired-ecs"
sha256 = "620a9026b2f135f409bacc93d88e4cb835202fc23e6955688899f4278a104eb8"
sha512 = "1bbcf8588b658cfe78b4fb61d062d328e640a5c85d931d51a853a23f4ccdb66ffc57ff3a7d442f7d802d2b1e48c926d409b7eda8ca4937e6c0b998495e7e4ab9"

[wired-math]
path = "../wired-math"
sha256 = "eeba7983ee9161bede85728d15f2e525289596cfa14cc228eeccf953004e5341"
sha512 = "d70d759488024ceda7f0e2326cc582e97358ed6bfc57eb170c125f7436328b989838ec786e3e1f7a0da3a11a0a801ca4e8a0251c1571646acf25801ffa995cd1"
