[wired-error]
path = "../wired-error"
sha256 = "d232186821016d448ec56a9421ed786d45e472a28c62acdb373a2d44da2287e8"
sha512 = "173098e26dedc5a8d1d0f85d140319f8fce123ca3d1dc5ad2950dd4bac1ab1fd031438339c4ad3256ac0b8b373debe14fc24cab1e04c4786c44003b6c8c8d113"

[wired-math]
path = "../wired-math"
sha256 = "5827c5d176d5b3ef5549fd894a6831a4e91bd1af99a6593b1914c1e786d1c37c"
sha512 = "b4a9267ae32136b0fbce5aa009e87a5369715cc1f48f68adeaafff11734b9fab63fc5f3352de7afc17529f2219dcb459f321ff43816fb129101fb3d98c9a9d30"
