[wired-agent]
path = "../wired-agent"
sha256 = "3fdf075dcdd5399efe5459ce88c3eac276ffea4ceca99adfd51beeffca61cfe6"
sha512 = "6a9bdc1ef604bf554559b6deca1c97234413f216bbb23332deac7729e564309132bae6a8c49c15ca1aac9e1fa7075a11bea612465d998581db6565288187a562"

[wired-core]
path = "../wired-core"
sha256 = "c64ffc6b9f61961e3bd5a4c01ca3099f90c915b3531400d1e3b2ae1404923c5a"
sha512 = "cd1e4d4c7bc9363b674f98901399c9ebcbbff16329bfc3be4685445cfa73c78f5b314baa08f2517523c1ea8cd036731ee2289cc5e38e8bf0b6c9a3be48cc6670"

[wired-event]
path = "../wired-event"
sha256 = "5159bc8de59d2adf73fa764519249fcf2db762e3f3495e89ca844731dfcabceb"
sha512 = "6a1f537904f2ccc18058e1409aedf5d25649d622605e7a6fb1e2cb1e260c1ce34275a64fd4fbad192e8bd8c4da2e8f567889c677775581129b63826b10193bf0"

[wired-input]
path = "../wired-input"
sha256 = "fd32da64ffa233a81b3eb0e93d63692d4a6d06a323539ae9712a950ea3dd9075"
sha512 = "4ace2567bb0a17f3eac8343d59ac2f887684d972747aa2d40b99c3d44c6ddaa7cecee9dc891e3ac47454bfc9dfcb1e0d5a5592a1877b58c9c7c010b5d3315f3e"

[wired-peer]
path = "../wired-peer"
sha256 = "ef8cff6007a9817cd061803752213379c5bcce888021e4ab7231eaf4e32d4df2"
sha512 = "a782a3f6b4766a7d582984f50a20f841f17b3b6b0511928625c1ec447fbef1ef9addc45a36c08a65fd175afe1edaee818a623b4ff07c233c9267249b7d85bfa6"

[wired-physics]
path = "../wired-physics"
sha256 = "1ee3990f38cea2c986da976016e55dee4cc2830ba87e0020c2306d0d0c93217e"
sha512 = "6e4f00c189e31981635f6779969029f82f2d78e9ccbf888530cf5556d108ba63991dc09c8ddb3d11ce298c921f026600a6240c04b435de06f6478f5c93de7faa"

[wired-portal]
path = "../wired-portal"
sha256 = "1c0ba9033246b0d12f9db50cba6eb15985b50bc97f26b82691b12b8cc4bc75f1"
sha512 = "166b8af5ddbff8d7699ceba447a2fa3a0f0c89f092d76776e8459e4d9b60f1ff9188daf68c31d4e05b65cecf01b7fb7bf9ffba84c20fa23644fee4a8186fa470"

[wired-scene]
path = "../wired-scene"
sha256 = "ed67c662bbd3bfadc325764afdbc4c026a8cce55c24e87b6e1a799b21a107ac7"
sha512 = "758afdfc34b2ca145ed1a7d4a75894392095870950a5e48ad37ff05ea6f0d4f14c1b0ab1792872ac59b26fe394625fd09a94bc8d6578a7f75f5f945c75586e56"

[wired-script]
path = "../wired-script"
sha256 = "b87d3b8a28819c9313238b3863bb7108f5e2841dd7992e4cc8c1103a781660f9"
sha512 = "a6264ee7ee253735872fde3a6c14045d8b392e6847c7f58b2b6f68354bef79f87d99ee4fe755ce1b25db31154ac09791f55d289409c2c407e2c5485751e53940"

[wired-shading]
path = "../wired-shading"
sha256 = "5b719b81653011df65e4e2dca98fe7b1c3d1329b26dc98b5c7834515e3f0b677"
sha512 = "c03e6c442c92d6a0fb2684543113d01156c9e2cb35daa3d784c90acc920710b4755a14a1a586942ea03a31624a92e5df496966729e3a6b5be8b211d2f3e41ff9"
