[unavi-shapes]
path = "../../unavi-shapes/wit"
sha256 = "1ed7f1a7952c8cdb22ef1d311cda0c887566d55b0322175e75773d32a5977e0e"
sha512 = "aacf2aad8e90734fa82cd1093ee2c594608c7cc6da2418699fc6428be3350caf9f8485b47697badfff9b38f01d0dcb12e3a1f4c1bfc450887f016763308f39e9"

[unavi-tool]
path = "../../unavi-tool/wit"
sha256 = "20fcb0b940d56ffc9c4f692c1a633345c77da4abf5a2141e0b50775f8579a2a6"
sha512 = "97ab08637da5e986351c0b15dfc078cfdc08cab0c26de4f78cc2cd6be1d8f34dd6e34b1085258f8e0342aac065f2ecf9c1c7d5e3a5e1a750b619af0b4d99c941"

[wired-agent]
path = "../../../protocol/wit/wired-agent"
sha256 = "f727af42c33c9019117205d421f26db5336a1e36eb4deb54f3de05498e2ac7bb"
sha512 = "5eae301f90edc0309e0a21f09a8e5a4e958f57752ca66d421eb1c151b12246acde29a28fe3975a61d58c69e31584345292d03e9c554d820314e50031eb980610"

[wired-error]
path = "../../../protocol/wit/wired-error"
sha256 = "d232186821016d448ec56a9421ed786d45e472a28c62acdb373a2d44da2287e8"
sha512 = "173098e26dedc5a8d1d0f85d140319f8fce123ca3d1dc5ad2950dd4bac1ab1fd031438339c4ad3256ac0b8b373debe14fc24cab1e04c4786c44003b6c8c8d113"

[wired-event]
path = "../../../protocol/wit/wired-event"
sha256 = "5ff7b29b151d8e181bcf776b96a1824c2c1240bc6beedf4d6ebaf2c34079fefc"
sha512 = "d04382dff23f9295787e7c8383b6ae97bf36a9ee92c1c311b00dd9445e762fd1024f0f0e20da711c0a0ff38975d34a6bf349004058d8f0f261601ee4b6fc00a0"

[wired-input]
path = "../../../protocol/wit/wired-input"
sha256 = "7d32e6c5ccec6e7ae4391691c90bea64a4f4b76a59f7ef85c8fd8f2a6a87dcf1"
sha512 = "c9302e350774114c8098992f76fb1a09afe385c3fe7c46379f84526f09111e0efcb7981458fe7a0c121848a6a1870683334d994136486adb3f7d40745e57a75d"

[wired-kv]
path = "../../../protocol/wit/wired-kv"
sha256 = "8af7820a4ca72550f8365e38f62d34e5ae4e27765c356ef958d24825303be5c1"
sha512 = "7e05f30e774ed429028110644cb3dad0913fcb4e95a12e259d34cb144665808e20d49a3ac84e0ef074a765f49ccd2783cb939407f0d794b525eb54ebc1574637"

[wired-math]
path = "../../../protocol/wit/wired-math"
sha256 = "5827c5d176d5b3ef5549fd894a6831a4e91bd1af99a6593b1914c1e786d1c37c"
sha512 = "b4a9267ae32136b0fbce5aa009e87a5369715cc1f48f68adeaafff11734b9fab63fc5f3352de7afc17529f2219dcb459f321ff43816fb129101fb3d98c9a9d30"

[wired-peer]
path = "../../../protocol/wit/wired-peer"
sha256 = "1fbfc47dc7eb082b096e210bb42607eb1c19a64d2fbb7a612bf97bf41ca5002d"
sha512 = "86f1cda126348c12e654cdec89e1a3ea4e35c46c4c6d2188f1df75c6ce75ad73ecb2de0c6aaba385b11d910f6831a299d1766eeeca98e45b545f82e23fe945b2"

[wired-physics]
path = "../../../protocol/wit/wired-physics"
sha256 = "a78edd9204c078f240aa7c2774b5915034202663f646a36e374621caf7a23d57"
sha512 = "95a9d8dd5ac6c065fd3d51ad097ba8463e4226e055d4b20fe77b86c3fcdad57bd7cf17f7b781bd6ffa73db4c32ce4c793b2df4e2c277fa80c1ecb8e8e8c7d289"

[wired-portal]
path = "../../../protocol/wit/wired-portal"
sha256 = "06000cae6cdf2c2bf15f734a3aa044e356aa2c920897eb370480a0c9c0bf6a9f"
sha512 = "86b90f057cc386fca27eabb784b5d8a9834a4c7c8f53a1cc92564d5247ca7e05fc743cc82e5a2d3298c75a3ee798fdf7c617b83f53f03dfb24dd395e476b65ce"

[wired-prelude]
path = "../../../protocol/wit/wired-prelude"
sha256 = "d67447c876bd60a724d60d9c40a48012ba60ecbaa5a839dd3f5a96c030cffa81"
sha512 = "55e46db15cf2fd31f89b22d5db926c1052dedcb7f362b189825d0a5e067a15a61fb0dcc6fbc28961a2401c35d95b85032c00cbe4bb5adcb56b42646bf8994440"

[wired-scene]
path = "../../../protocol/wit/wired-scene"
sha256 = "1a246ce0c576c6949f77271ab587d437428366f990c99e84465e5186caa65d61"
sha512 = "2db8649da08450446dea32eecc7923e826bfc234ed548021f4d21734a462c32fc6f70477ee889a3d04f3a4b36e28db4e44667a89e2b87d901ce1380d5ab1ac1e"

[wired-script]
path = "../../../protocol/wit/wired-script"
sha256 = "4521fa92f13d31e60edcd04a931a53a0cfbabb4deed8ca5502bbf020536b7200"
sha512 = "6d79865049129753f9f1fe512fdd53b6d2ac58170981a42219d1758038709fde9a59d96749bd2c505bef6cbbed95c8fc0a8b4eeface6ddcae1a4a509d045baed"

[wired-wds]
path = "../../../protocol/wit/wired-wds"
sha256 = "84ebe5a5dc41f999ddb07e6caf5e780693b1451ad3097575fda6945ea3f71a32"
sha512 = "8075f090f297e18e5562509f0edc65ca355e7cfd0036277b2cc4ca14aebbab7faef32c99c6a37b1b484d1083cc0b9ef9a727460cbfda987cd5c49ef960851b44"
