[wired-math]
path = "../wired-math"
sha256 = "a05e43aaacb312eea8af596a33257457634ad911bb88f336271c60841b3e9511"
sha512 = "d8c4f5b6d4a13f68a245acec0cb40714d3805a71cb6f3ef99477a7e97ebb36c51967716771a43dbcd818a0f50347ae18294762fa29ee03cec6510da054d561de"

[wired-scene]
path = "../wired-scene"
sha256 = "1ffff03c3e73de71ac32ff1427461ef9469b5c5b17d0e2e48d1fbf653a584b0d"
sha512 = "cbea7b6508c8a85743a6a07bd5b60011860c35e2163018767a1720328d34eb2022a6832b8a6c9ac68b2d17cc8e2b5bcda4a71c35482a9a594db2b87d75e65fd1"
