[wired-math]
path = "../wired-math"
sha256 = "a05e43aaacb312eea8af596a33257457634ad911bb88f336271c60841b3e9511"
sha512 = "d8c4f5b6d4a13f68a245acec0cb40714d3805a71cb6f3ef99477a7e97ebb36c51967716771a43dbcd818a0f50347ae18294762fa29ee03cec6510da054d561de"

[wired-scene]
path = "../wired-scene"
sha256 = "01b37576b9c991aa53b72df78c57d5dad72f13d9897c79006fef3acca49d125e"
sha512 = "ccfe6c076e8da27e8ec61f53f94a47230381d86c0ac2cabfdc83cbba26f987810708dbe95392873ea9e5c322574e1103aa0a6040b0d35363d5798675dc622c89"
