[wired-core]
path = "../wired-core"
sha256 = "0c887bbd03c834ee081e37821e7bcf4051d7dab3625ee6a83d47c7ad466d1ea8"
sha512 = "f2949757bfd50bd63eefc35e78e2211902b1a4625c5c75d071b598d9ca533e822fbcc07b5bdb113fcedf2c2f059f9192a7f128950f83d0b318ab48b7a1a7cbe4"

[wired-scene]
path = "../wired-scene"
sha256 = "abbfc29535571baa4f5e1ede81c1d157a85f5bdf5450d4d6fbc1f61542bd152e"
sha512 = "bfb7cd6206975f768aeb8c9ca2a3ae0b4c789afc1528bc48bf5536e1bdb2d1b075fd4e487ca872ed795a5cee23518df19241f4e37f0879da167a6214def9e61a"
