[wired-agent]
path = "../../../protocol/wit/wired-agent"
sha256 = "146492cf6a37d9d1a9df85dd5a92e52677f623389651c3a6cd6336b7a0fe87a2"
sha512 = "5d1e7480b07e562ee7abf369c418f5e8d0acfb6530cfe00872fd40dd12a1ea1643856732a08c388c4f7b6f870c2c68c059c56c5491618d93aba9570174bbb2ff"
deps = ["wired-error"]

[wired-error]
sha256 = "c364e480a9913d5e2c61838fd4a63f676b970e45e903a3edc4f2709cb95a280e"
sha512 = "6d1ded9ad0da5f72f7de98ec13c3ef5ac204928a065906394838f52bd16a69b340ff948860617601ceeb3e6847282168e4397524c006e53f31c9a3bd224fe777"

[wired-event]
path = "../../../protocol/wit/wired-event"
sha256 = "0b499527d7dfa12f1b7751c7d474e6e151f1d80418d4bcd3dba5e0b93e99c0ba"
sha512 = "07ad4b942986e97871fdf088f057476b3c6ae0875cb089e2d386fe61747543c3857b001fe467a0c3806bdcc22942b29c9a8cad2f4a7ca8a93af957956293e027"
deps = ["wired-error"]

[wired-input]
path = "../../../protocol/wit/wired-input"
sha256 = "735f21ca62deeced8ad8052a366146273985a02f99fa103f04e0088f3ce56907"
sha512 = "e65debb5bbc756677dc6840210621b046d8fa66ed474d9d093359ac0f8906ab0ed3422e7a6e1fd73307fc2febc3f71e554c3b31cad637333119219970cd3f7dd"
deps = ["wired-error"]

[wired-kv]
path = "../../../protocol/wit/wired-kv"
sha256 = "ab730d8bfad64dfdf35162dd62f480f8e96c69852fddff5d1eb9c5a51252b74e"
sha512 = "6452cd79dc7c7c58d27ff78c6818e7ae1fff3b7dab5fabde0928935abe0537250789a9ee867614cd8276822bdab71c465c8613973daa283d5cb7f5c3265c1593"
deps = ["wired-error"]

[wired-math]
path = "../../../protocol/wit/wired-math"
sha256 = "5827c5d176d5b3ef5549fd894a6831a4e91bd1af99a6593b1914c1e786d1c37c"
sha512 = "b4a9267ae32136b0fbce5aa009e87a5369715cc1f48f68adeaafff11734b9fab63fc5f3352de7afc17529f2219dcb459f321ff43816fb129101fb3d98c9a9d30"

[wired-peer]
path = "../../../protocol/wit/wired-peer"
sha256 = "1fbfc47dc7eb082b096e210bb42607eb1c19a64d2fbb7a612bf97bf41ca5002d"
sha512 = "86f1cda126348c12e654cdec89e1a3ea4e35c46c4c6d2188f1df75c6ce75ad73ecb2de0c6aaba385b11d910f6831a299d1766eeeca98e45b545f82e23fe945b2"
deps = ["wired-error"]

[wired-physics]
path = "../../../protocol/wit/wired-physics"
sha256 = "d699002c6aac794d8992b8f51098153eba3d9524327305d75f2ec4c56bb7dee2"
sha512 = "2cce4f7b92c05c07efa4705b5057d75aac1a785bb8bd819cd5467ac0857ab3daa76c3acb173a4c5fa18e65c489109a1bbaf254d57ddcb03c24ddf2b1547f9153"
deps = ["wired-error"]

[wired-portal]
path = "../../../protocol/wit/wired-portal"
sha256 = "53197c78ec66ead39509aec3506f55828b635487c25b95e5dad61030589dc21b"
sha512 = "f441a65aca37cdc374c1c77a761e72be2cd72cc417254517cf02aaf55c5d2dcb5f8a8ded71f0fa195cbd74f90d17411edc49b1392e7e63f6fea648cc5eba6fe5"
deps = ["wired-error"]

[wired-prelude]
path = "../../../protocol/wit/wired-prelude"
sha256 = "412ead66c675ef5675b969c32b56e8e2b9ecebbe6114ea7f21aa2bc891c45995"
sha512 = "e395255a1fea1315cfb172753c865ed517667ec4486d578132017821e940629f76069f4e42b5764c21346ccc8d3ccadaa54e4f9639a58a0ed5b4f26440633b23"
deps = ["wired-error"]

[wired-scene]
path = "../../../protocol/wit/wired-scene"
sha256 = "1881c2b52d765d8c01b4dd184ab0d50690f03b4fe5f0086dc8105d729d5bb90c"
sha512 = "db1236939d028919d3938aceae5b95ae3c4ddc894a4fdf4d5278a814c6d225ff34f49e67a45f3bee9eb435bb31f6c4c1eccd941434b5bc5481e0ce15c09ccb14"
deps = ["wired-error"]

[wired-script]
path = "../../../protocol/wit/wired-script"
sha256 = "8f869298ace5dfcd9ad73296bfb3d60eb5388e42f5bd139f958440a817815f64"
sha512 = "19866da1e92d6de38428da62e77a49fe8800d0629789f7fad88fbbe74c7a8e4734fe8cb2fa1be5cb9c36f709c15be52bb3d5cb34220066e2137b4d623e453245"

[wired-wds]
path = "../../../protocol/wit/wired-wds"
sha256 = "84ebe5a5dc41f999ddb07e6caf5e780693b1451ad3097575fda6945ea3f71a32"
sha512 = "8075f090f297e18e5562509f0edc65ca355e7cfd0036277b2cc4ca14aebbab7faef32c99c6a37b1b484d1083cc0b9ef9a727460cbfda987cd5c49ef960851b44"
deps = ["wired-error"]
