[wired-agent]
path = "../../../protocol/wit/wired-agent"
sha256 = "886e8c017f850c33fc1b20eb22c44c6bfdce8bce9e3bfedcb660bc3dd6d00ea6"
sha512 = "e1a5062fe62956e9963a3915d241f88b0abab3037ac260fd1165e764968bc5365d58e8afbdab5caf73465ad3b18fcfc9f44236e3f10c706383ecd869b17be80b"

[wired-event]
path = "../../../protocol/wit/wired-event"
sha256 = "9fd857c6fbf06d0f2f7a87f331c773a3826077e5f2ec07ae75977f87f67c045c"
sha512 = "40f83dce37ecef0e2e7bf6a54d7a2d73b44489cf500bdaa29069602154db41db66d49c12e3075fdd13865b38484c4d3227f1f203fcb6935adac3d9bbffd0d576"

[wired-input]
path = "../../../protocol/wit/wired-input"
sha256 = "dee4eb3ab2dff50579206f7fcb7a96c34f2f7e3a4386cd4ffbb9ec13609f8147"
sha512 = "d975a1139ff8a4d9aa0912d4fa76fb7d91ee96422f07bda9284292a6f53f9ebb0710aa44e26dccc5c15d87abb6a26d34bd63579a9d661407ed74f43e9ac0e5d3"

[wired-math]
path = "../../../protocol/wit/wired-math"
sha256 = "a05e43aaacb312eea8af596a33257457634ad911bb88f336271c60841b3e9511"
sha512 = "d8c4f5b6d4a13f68a245acec0cb40714d3805a71cb6f3ef99477a7e97ebb36c51967716771a43dbcd818a0f50347ae18294762fa29ee03cec6510da054d561de"

[wired-prelude]
path = "../../../protocol/wit/wired-prelude"
sha256 = "eabb42650625ee6e0b9db5606676fe246ff2fcc8190c6de468ca8fcd109e6759"
sha512 = "6aae02e822d30cc332433f582b34a051ae366e5e3672cecda3e236083e3e5e67f309cf536c108714eceab3236da43d5a48b8525393cb168769cb83570096e3d9"

[wired-scene]
path = "../../../protocol/wit/wired-scene"
sha256 = "a9e9772f3f5b157af16ceb5263a3379d67ec38b68e59551823508ae448fe0ce4"
sha512 = "4ad8a814004d37da14916150d69c17ddd83de4dfdd7081d96dbe21c57a12b1152a6530c50dfff9dfe2ad3465872d372fd019e775261d63ce4e5ba9766a09f519"

[wired-script]
path = "../../../protocol/wit/wired-script"
sha256 = "65cdb490414299571c15d9c6ca2afd9f8322d57e63fe08ff8795904189e34e5f"
sha512 = "aa6d0cb680fb70cf352a87cf2ed676ed493583c13d614aa548fcd67973f611d787bc19c19137f39d94ecdc52591ed40e4a1210b9983c1abb8efdb9881b245249"

[wired-wds]
path = "../../../protocol/wit/wired-wds"
sha256 = "063bfd9cd2fbd160ef3ebc92af0edd4ba2da17e98546df86df5b6c17bbf0d12a"
sha512 = "d4e7635795d831740a4d3a58c04e341f03c82208d5b45fd0fac2e8d67e0688504d17d34656c179de5dce12767f073c2f04983f4d59ec12f28043316de07269ff"
