[unavi-shapes]
path = "../../unavi-shapes/wit"
sha256 = "4e0ec49f8c770af16e09ee7d8278e21ad5925b0dbe846d943e74493b33c85db7"
sha512 = "908f45297779c1dc7512db7ff92b9837f12e7c20089d0478a0d1d12ce9181db5aab47dd35e1136d0c1c964573bdea23febdea8e1e79c9253f70415392094da6c"

[unavi-vui]
path = "../../unavi-vui/wit"
sha256 = "c17fe9e68bc98b3534e7e7efaf59ce15393a155f08a0657d26a45d093cf39aea"
sha512 = "738dbf535a30827379f8ca94a8ccfec277dce2a5904444f7571beaa6179cb28f74a22ffeffff0829acd96d21f22a261716e03d3255628bb01176680005ea6a7e"

[wired-agent]
path = "../../../protocol/wit/wired-agent"
sha256 = "f727af42c33c9019117205d421f26db5336a1e36eb4deb54f3de05498e2ac7bb"
sha512 = "5eae301f90edc0309e0a21f09a8e5a4e958f57752ca66d421eb1c151b12246acde29a28fe3975a61d58c69e31584345292d03e9c554d820314e50031eb980610"

[wired-error]
path = "../../../protocol/wit/wired-error"
sha256 = "0cceb0f50c3818bc94b017cf4ba4969bb531b29a185c50c881487e728a34ef07"
sha512 = "ae1912e84a8056c2eac79411f9383ac92f03867d91a6ed74a807babbaa88f27cdc7075b85895d2f0b66e6a46d2ed6bf40921e7fddc81037a5fff02915dc499df"

[wired-event]
path = "../../../protocol/wit/wired-event"
sha256 = "44434bdc1b156c32648c2245e812c23678f16c32ececd557e062ea2694ff4ff7"
sha512 = "7935a41f43d7796a69dacd142881d10d9958be8aefd5e741ed7966704392dd696736d0c5b438a809608436c8bd3dbbd65b3b57fd8387ef7d08b074fc1ea8dbd5"

[wired-input]
path = "../../../protocol/wit/wired-input"
sha256 = "9f64a73807cdf1e8d05471ce07d2ab2897be6569cf3f9e242c6f777a1db9c590"
sha512 = "e0bdd741b6b051d1d6c3aa022add00f18ea6320b5a99a750eb40e3e287ff7ccf2b50bf3d2b86b7398fba7ef6c35b20a3b94ac390d7e0d03fe83bdd4f8e49c0e6"

[wired-kv]
path = "../../../protocol/wit/wired-kv"
sha256 = "8af7820a4ca72550f8365e38f62d34e5ae4e27765c356ef958d24825303be5c1"
sha512 = "7e05f30e774ed429028110644cb3dad0913fcb4e95a12e259d34cb144665808e20d49a3ac84e0ef074a765f49ccd2783cb939407f0d794b525eb54ebc1574637"

[wired-math]
path = "../../../protocol/wit/wired-math"
sha256 = "5827c5d176d5b3ef5549fd894a6831a4e91bd1af99a6593b1914c1e786d1c37c"
sha512 = "b4a9267ae32136b0fbce5aa009e87a5369715cc1f48f68adeaafff11734b9fab63fc5f3352de7afc17529f2219dcb459f321ff43816fb129101fb3d98c9a9d30"

[wired-peer]
path = "../../../protocol/wit/wired-peer"
sha256 = "1fbfc47dc7eb082b096e210bb42607eb1c19a64d2fbb7a612bf97bf41ca5002d"
sha512 = "86f1cda126348c12e654cdec89e1a3ea4e35c46c4c6d2188f1df75c6ce75ad73ecb2de0c6aaba385b11d910f6831a299d1766eeeca98e45b545f82e23fe945b2"

[wired-physics]
path = "../../../protocol/wit/wired-physics"
sha256 = "ac31a2dddbc7d4eb4a1e7be5b67609e7efd51321a817a894fae1b70e790af32b"
sha512 = "c299d34125882209ce913940b7369711b0bf02e3fa2dbeb55871e3e782e6a1fbbb2d02457dbefe252eb246934b2c9bc131864dd0d28c2d1ed21d8b0634de4c4d"

[wired-portal]
path = "../../../protocol/wit/wired-portal"
sha256 = "06000cae6cdf2c2bf15f734a3aa044e356aa2c920897eb370480a0c9c0bf6a9f"
sha512 = "86b90f057cc386fca27eabb784b5d8a9834a4c7c8f53a1cc92564d5247ca7e05fc743cc82e5a2d3298c75a3ee798fdf7c617b83f53f03dfb24dd395e476b65ce"

[wired-prelude]
path = "../../../protocol/wit/wired-prelude"
sha256 = "d502033e19458a0be1a802f97dd261de996a87e3a05ae240e22cfdf6ab9f3b3e"
sha512 = "32fc141d1d4e5866a7200db23a7ecddf528acbfaf083834a709d7acd1490c49f14a4e9329028400771d96c97bc941e1a6e7e98438e1a3a2c2ddde6a0e34a31aa"

[wired-scene]
path = "../../../protocol/wit/wired-scene"
sha256 = "11dcdd94d10c6f6fda82673be5d38a1bf75103304c4d60459e7c7d39e8a83f23"
sha512 = "fb0af1e0e4687e2aba879cb7b0db2fddbf5d47dfdf353b52e2a25637e26cb20dd996eac79e6bc0a79df97cdb22d398b365afa90ce35e163648749ba2a3192cd2"

[wired-script]
path = "../../../protocol/wit/wired-script"
sha256 = "4521fa92f13d31e60edcd04a931a53a0cfbabb4deed8ca5502bbf020536b7200"
sha512 = "6d79865049129753f9f1fe512fdd53b6d2ac58170981a42219d1758038709fde9a59d96749bd2c505bef6cbbed95c8fc0a8b4eeface6ddcae1a4a509d045baed"

[wired-storage]
path = "../../../protocol/wit/wired-storage"
sha256 = "75a6cf65bd36b5ec79c7373db3106b3dca5d4508a41b1b6822f4bb365a208f41"
sha512 = "c33df6a717fa02f16f258477bafd998f6e14e2a0b9c570b257ca99e8dbded664340f015a2a20f20ebef11475291dd351f7620b99b31e6197698886b77a2c2ee2"
