[wired-agent]
path = "../../../protocol/wit/wired-agent"
sha256 = "af58d6a989ac30152feea03c7f38eb72245db78d43a9492e23f8c06c263b5f77"
sha512 = "8324df69ad5b3773754b97de2096e5bc48102bb44918a9aa1b44ef25e4441f1a0a135fc94c4b619a97c10c497754eba88380cc780342e7f497a30eea3d519950"

[wired-event]
path = "../../../protocol/wit/wired-event"
sha256 = "9866ae3a90757ead02e29b98fd363def0b054fae48c3cf76982266bb90017503"
sha512 = "7a7c415ff50fbe06c22cd542280e72bd67c990a55a1e48cec8fd9091659a221c98c62b0a1a973e6e9f34d0e6669c54e10b065a7f7b6bd40dc7523624695d3ffa"

[wired-input]
path = "../../../protocol/wit/wired-input"
sha256 = "6c2006320e47949a203cb46bb70b43a7b9489bfd80992ad6e087256e03fdac27"
sha512 = "f5f9c39498c18314e8ad59e86b2902876da30cdcc478d3883f89290fc59b74eebb0c8bb5a5e911de967b442988392c3f2e665a755c6473c64cf2d29aa327ebc2"

[wired-math]
path = "../../../protocol/wit/wired-math"
sha256 = "a05e43aaacb312eea8af596a33257457634ad911bb88f336271c60841b3e9511"
sha512 = "d8c4f5b6d4a13f68a245acec0cb40714d3805a71cb6f3ef99477a7e97ebb36c51967716771a43dbcd818a0f50347ae18294762fa29ee03cec6510da054d561de"

[wired-portal]
path = "../../../protocol/wit/wired-portal"
sha256 = "4279004c64b98356b8781ced941adfade001fd6d53ce3b2b40a4778fc87f19a4"
sha512 = "5e250cc8518c47be7057a40b65ad933cbc21c0fdc9961fcfc957681b5f10e23a6d491976978f2a0cbfbf4c0bc236ba86313cd2e8a89813d2745d2d678f0b308e"

[wired-prelude]
path = "../../../protocol/wit/wired-prelude"
sha256 = "3b524fa416537d019e387c203a1f4e6c198a7e06657f7a0485f0f034c73a5365"
sha512 = "4c14a81d4d841c1a9506d0953173ec8f6f03c0cb96ec37193e917bb40e05bc6c31c6764e0d74f2b1d4f59a3a50f74dd7b8d5ac7dfa858b7586304d0b5bcc540d"

[wired-scene]
path = "../../../protocol/wit/wired-scene"
sha256 = "325e958564700deb48ca446f8dd377afd1b39ddd5f8fc912d92610c8daddf8d6"
sha512 = "6f2d01336eb518b1284031efe6995a994e91145a0b806f81e13c324828af11f244fecb2b0d177e13d93e61465f5b14f22ecab8b9d5c119a4d2672a14f99b9a38"

[wired-script]
path = "../../../protocol/wit/wired-script"
sha256 = "fbb75c23e309c9ecba344ff2e2f0aa454e97bcce3e24b8abb36fc576bf031a1d"
sha512 = "dc73434dcf5aec0109e3aea868833b0a2c73100410be80b20f652298857cec2e6e39dbd71264e4d5a7d476b1a7c8cf74dc456496c81c711b84ee2d3a9962efc3"

[wired-wds]
path = "../../../protocol/wit/wired-wds"
sha256 = "ae179849803113b2ac0332784d14cf37f99688a65dffa315328d3c5d0718169a"
sha512 = "ac768b4604dee0358b5da88917990e5eec3c6f469ba4a2b86c75c3c78b5f7b9c5cfbd0d962f8855655e1d5f468be06a8ca255f5c45dd0435d74c0437465d1780"
