[unavi-shapes]
path = "../../unavi-shapes/wit"
sha256 = "21cd13ccff785801485baac6d8ad19c34726a94b66d957aebb6ccf4d14c3aa9c"
sha512 = "d0976fa14a62c3a495b756a34b91789523179f9071eeda8e5868b960bd1d554a5f1451d9b6b011df7b8eb71a9344d99599390040e1106aed973e673467050d78"
deps = ["wired-math", "wired-scene", "wired-script"]

[wired-math]
sha256 = "ede2249f1a20c35f7e559a47a0b14492a43410db9cabeead2b5012e9905c8686"
sha512 = "64265fb82f9c5df40e4ded3a5929c8c97d7f434bd52d260fafee932b9474691b4222422d539a303dd64df8f575c6c613b7626834d55780bc08b8c9dca5d75eed"

[wired-prelude]
path = "../../../protocol/wit/wired-prelude"
sha256 = "8426435ad939da5695826daa6e5c489a4a6d47654f7ea6565c1fbf9c17e63ad1"
sha512 = "6bf96dd3fadad32f60b38a17059bc66bdb9bcafe72ee37bd924c205d3b84b67111bdebf9b4525682f24b86c2e2526201acf03fe31539306431b52613be6ebb5e"
deps = ["wired-math", "wired-scene", "wired-script"]

[wired-scene]
sha256 = "6e8bade0c8aa8c1c5bef68efaa43fec361d3e91c09f46399ee53dc6a544720aa"
sha512 = "f3d56c95edd4094876da9eb8ad034f46c4aceb84ae14d45040515f3874c81b0737c9420ce084130e40b9457fba92eaabe6041e8ac7b07149b0a83a4eb1696ade"

[wired-script]
sha256 = "8cbdc73c86356d100bbdcd7a734a29a2296b4bd5846bb49a441a0a310b5d1654"
sha512 = "21ed6247bf4627c2c903ce4bd81117910fe26be9cfa7f13e88ea82b9b33ecdf33313ac2cd5e043e7161580eafa81073197786e3d2057d1d9cd8ca36887fefbb7"
