[unavi-shapes]
path = "../../unavi-shapes/wit"
sha256 = "f5a29e24b51b0c86af0995388cf56b52607f2b0c3e10361637c0d7e1997742c7"
sha512 = "d12eb7606eea0fd68e9c447f0e2b26fbf30f6517974600b1cbff6ee96b9d35833c8eb6fca704fda4a1c2d5e616a2d1af6f32e6c7f68ba7803abd46a0b6ea214a"

[wired-agent]
path = "../../../protocol/wit/wired-agent"
sha256 = "ef4bd99ddea2d019b773fa8535985a53dcc2dbf901d8e754672828df9a3ae6ec"
sha512 = "22abcac822a5439367d28003e6fc94907bc834ef8da974aed5542f2b5bfd5905b8c30a9050fbb7b11c4ed472d8dd60a6118fe61b147113c05778008fea9b7317"

[wired-core]
path = "../../../protocol/wit/wired-core"
sha256 = "f9021028f2e01c2a45e614c326fbc8028735d57425231def0849519ba56c9b57"
sha512 = "71026034743519bd4705d581c663bfee44801d93d104cdb354fa863e54dcdfc34ef10d2e431e75d295bad762e187c20b6733c4265cc16bcbd37686ee5b1eb46a"

[wired-event]
path = "../../../protocol/wit/wired-event"
sha256 = "8621772bc91cedf5d69bfb0eedbbddb909d9d17e3be639bfb49855f3f564726d"
sha512 = "4729288a09c070ba98a3c15574422e9acd31b75030fbf2ae9624c99b123780618db357da92e6bd208b602a83e135c58685c778f46a20f65402823150da3f5a40"

[wired-input]
path = "../../../protocol/wit/wired-input"
sha256 = "e58030ef9dfef3d6982466e7b2f80469ee9bf73cf2aacfdb7dd01b0b9f23fcd8"
sha512 = "b93eb897e29dfa35eef8f31eac4bf8569cf22d6ef31fb2c5dc8577b1882c4e7adb171548d34173d457d2af56bb9a1f65208e612fd195787e08fec1dc5162f2f6"

[wired-peer]
path = "../../../protocol/wit/wired-peer"
sha256 = "1a2460c26d92c7b77b560f62c208da0c69d48346fdb9c1d7648d5bfa1ea94549"
sha512 = "b3821b9929104c3a0a4c7e6a267166d06050dbc750fdbb813dc6bb89a2c976900725cf639b16377c5db5e699f23df7860b276edb23638bd9efc261451996878f"

[wired-physics]
path = "../../../protocol/wit/wired-physics"
sha256 = "10ec4ca2666393254b41019153871a879371dc85814c3516bf08d6ec77a526fc"
sha512 = "21ee8c04e068af591c3fa35032714b0d21690c6c8845a93d179b6109b53a4459a3742751ace4f87896c738aa58dd8e815134d5a32b62e26299ba76da90014a47"

[wired-portal]
path = "../../../protocol/wit/wired-portal"
sha256 = "6d325d30fd169d071213b7a8539c0ddb287c21f261ae36f593828c45fc9e4459"
sha512 = "d51c92c15910b8757d980b2d03ed1dba6682ba45f341595e8e90aa9cc8c65dabb830d92b5209bbd64c9e09dec96af885dc762754fd8380b8d601152bb7c24ae0"

[wired-prelude]
path = "../../../protocol/wit/wired-prelude"
sha256 = "5f1f2cf51145978f43a088e5f3fada18b8ff0b15f16b3cc5106eed5d57bc919f"
sha512 = "b84666449bfbd1a4e1c24677e5ad679514a35394c5edd4a82884d6a6a41ebbd1155d54015fae9f6527b0de62f2861ecd3c5dacf9ae274a6a376cc9f721bc7987"

[wired-scene]
path = "../../../protocol/wit/wired-scene"
sha256 = "15ab73d923e8d73a4c64a0eb8ad911b14ca1309bbf79a67e635e8c5b1974086f"
sha512 = "9911a7fb0f89d97b68902a148261050abc5b6f21e0e95207eea65775947656d7952d617539175969f1037b72ad2d72099dbaf677d25b7a15cffbb1637d37813d"

[wired-script]
path = "../../../protocol/wit/wired-script"
sha256 = "4ea685d5533e17b80118d22aa17b7fddd64978b572ea7b5dc7b91cda237d3aab"
sha512 = "2563bf89a153921f12cec076889442bcd615a9004051affed99f0f587f99e72acac9a4cb52352e1859a2d118dbb5ab854bc25bc4d5788aaea1a07e040802138e"

[wired-shading]
path = "../../../protocol/wit/wired-shading"
sha256 = "6c9b4cef22fef22283422143a91f76f64175af76090251e390170ef36dd6b544"
sha512 = "d997f78217a76aaa39fec8df749b98956d55181b246b1976f8ab16204f5b680aefa13af0cba0b40a11dcb00f01834474dd090627f5417e411f553cbe3c37ac44"
