[unavi-shapes]
path = "../../unavi-shapes/wit"
sha256 = "bafe001d51b17b13339280bd129a5f6f26ee16533a4837ae0897f4451a96c0a9"
sha512 = "2a708a641ec0ea490b8228637059fa1fb66cb91eff7b36b0c537e77df7d4a9f276d36c945534a9c727ad1851e194601e45234086c88f5025ace981c267337db9"

[unavi-tool]
path = "../../unavi-tool/wit"
sha256 = "5bf02e10d4a76bf5b8c6cf95e81ad7c7652a224c4beb786226c5e65bf6309252"
sha512 = "8734f3cf9397d52dc34799bb5e17c3280300ec3148a8b99c661507fecfcf223bc27d2c5eb675aab2fb32805361df42107b01d19c40e3545fe90bef7cbeefb421"

[wired-agent]
path = "../../../protocol/wit/wired-agent"
sha256 = "cbb9d2e9123c7d6ee3461bb45069dcb730c78c082ee9d8cf97a6072871b0496a"
sha512 = "cee5f296f2162429bee5e28061f1ffb39d9d535a1e4e43a36a5857b2b93500efad83130783c09318695addfe2df53c207404db4bcb69f641274076c3435269c4"

[wired-core]
path = "../../../protocol/wit/wired-core"
sha256 = "0c887bbd03c834ee081e37821e7bcf4051d7dab3625ee6a83d47c7ad466d1ea8"
sha512 = "f2949757bfd50bd63eefc35e78e2211902b1a4625c5c75d071b598d9ca533e822fbcc07b5bdb113fcedf2c2f059f9192a7f128950f83d0b318ab48b7a1a7cbe4"

[wired-event]
path = "../../../protocol/wit/wired-event"
sha256 = "7fa94ba5f3eefca0b8bf4d06e86437d92748fa223274014c303e1dd3e846aebc"
sha512 = "63b9174a0bac8994756ee9d6205f6bddb01aea1c567b04a73128b377589e26e56d75d3531bb088a2a392a7b0dcf947a2b5708afac712c602609ae5b647906289"

[wired-input]
path = "../../../protocol/wit/wired-input"
sha256 = "4c87a1510a8e565e1ff2f096139b09fc343b7df1856826553dc64c157ae30bb7"
sha512 = "1b5bf262b4f6b460441d4e929e2e2b0d23163a8fa792e5821f696848657267d7ad388fa7680d4656574dd39f3165762ab93600a5284d57ec3b5a7e2fcac1e1f5"

[wired-peer]
path = "../../../protocol/wit/wired-peer"
sha256 = "73998820154a4be76384663aa0580b32e85f041d4d77f452bbad57bb991dc3e3"
sha512 = "8a9285c8abd650229824edf0e164f513ddd1d763146cbfde48c82272e48ac3cf0b09a12f5b3be7a1e89dcb883b2b86c0e7369a1c6e09f36f93cd21b28447e33a"

[wired-physics]
path = "../../../protocol/wit/wired-physics"
sha256 = "3a73178299ad94c6aef879f2467d3e2c8ccf785bb07fbc253ade69bdca70d169"
sha512 = "3639eeefa66d2a18f84f3f04659e1e8b79665c3e53b4ca582928f6838f1705f021ae86fc4261471c949b87ece8d23df9c758a667ab54a336b1553b602282d9ae"

[wired-portal]
path = "../../../protocol/wit/wired-portal"
sha256 = "1c0ba9033246b0d12f9db50cba6eb15985b50bc97f26b82691b12b8cc4bc75f1"
sha512 = "166b8af5ddbff8d7699ceba447a2fa3a0f0c89f092d76776e8459e4d9b60f1ff9188daf68c31d4e05b65cecf01b7fb7bf9ffba84c20fa23644fee4a8186fa470"

[wired-scene]
path = "../../../protocol/wit/wired-scene"
sha256 = "abbfc29535571baa4f5e1ede81c1d157a85f5bdf5450d4d6fbc1f61542bd152e"
sha512 = "bfb7cd6206975f768aeb8c9ca2a3ae0b4c789afc1528bc48bf5536e1bdb2d1b075fd4e487ca872ed795a5cee23518df19241f4e37f0879da167a6214def9e61a"

[wired-script]
path = "../../../protocol/wit/wired-script"
sha256 = "b87d3b8a28819c9313238b3863bb7108f5e2841dd7992e4cc8c1103a781660f9"
sha512 = "a6264ee7ee253735872fde3a6c14045d8b392e6847c7f58b2b6f68354bef79f87d99ee4fe755ce1b25db31154ac09791f55d289409c2c407e2c5485751e53940"

[wired-shading]
path = "../../../protocol/wit/wired-shading"
sha256 = "5b719b81653011df65e4e2dca98fe7b1c3d1329b26dc98b5c7834515e3f0b677"
sha512 = "c03e6c442c92d6a0fb2684543113d01156c9e2cb35daa3d784c90acc920710b4755a14a1a586942ea03a31624a92e5df496966729e3a6b5be8b211d2f3e41ff9"

[wired-worlds]
path = "../../../protocol/wit/wired-worlds"
sha256 = "8692e350bfe687c8bf8baf036f4fda7df28adc0d28fcea822746fdd0e2107983"
sha512 = "185c21714af8032289f42b09f90169ca4ee29cf82c26866e2158d8a7e3517c73071d9f9c7fd80ab8f2a29431a12ae6b09127c3d56d861369114ff85be0c14502"
