[unavi-shapes]
path = "../../unavi-shapes/wit"
sha256 = "1ed7f1a7952c8cdb22ef1d311cda0c887566d55b0322175e75773d32a5977e0e"
sha512 = "aacf2aad8e90734fa82cd1093ee2c594608c7cc6da2418699fc6428be3350caf9f8485b47697badfff9b38f01d0dcb12e3a1f4c1bfc450887f016763308f39e9"

[wired-agent]
path = "../../../protocol/wit/wired-agent"
sha256 = "886e8c017f850c33fc1b20eb22c44c6bfdce8bce9e3bfedcb660bc3dd6d00ea6"
sha512 = "e1a5062fe62956e9963a3915d241f88b0abab3037ac260fd1165e764968bc5365d58e8afbdab5caf73465ad3b18fcfc9f44236e3f10c706383ecd869b17be80b"

[wired-event]
path = "../../../protocol/wit/wired-event"
sha256 = "9fd857c6fbf06d0f2f7a87f331c773a3826077e5f2ec07ae75977f87f67c045c"
sha512 = "40f83dce37ecef0e2e7bf6a54d7a2d73b44489cf500bdaa29069602154db41db66d49c12e3075fdd13865b38484c4d3227f1f203fcb6935adac3d9bbffd0d576"

[wired-input]
path = "../../../protocol/wit/wired-input"
sha256 = "dee4eb3ab2dff50579206f7fcb7a96c34f2f7e3a4386cd4ffbb9ec13609f8147"
sha512 = "d975a1139ff8a4d9aa0912d4fa76fb7d91ee96422f07bda9284292a6f53f9ebb0710aa44e26dccc5c15d87abb6a26d34bd63579a9d661407ed74f43e9ac0e5d3"

[wired-math]
path = "../../../protocol/wit/wired-math"
sha256 = "a05e43aaacb312eea8af596a33257457634ad911bb88f336271c60841b3e9511"
sha512 = "d8c4f5b6d4a13f68a245acec0cb40714d3805a71cb6f3ef99477a7e97ebb36c51967716771a43dbcd818a0f50347ae18294762fa29ee03cec6510da054d561de"

[wired-prelude]
path = "../../../protocol/wit/wired-prelude"
sha256 = "eabb42650625ee6e0b9db5606676fe246ff2fcc8190c6de468ca8fcd109e6759"
sha512 = "6aae02e822d30cc332433f582b34a051ae366e5e3672cecda3e236083e3e5e67f309cf536c108714eceab3236da43d5a48b8525393cb168769cb83570096e3d9"

[wired-scene]
path = "../../../protocol/wit/wired-scene"
sha256 = "f88b366104e6e7036fefdde42d3ae1aa9b9b88a40dec2cb7dc8e9c665a223225"
sha512 = "7392fc69437a969f0f0240c03cc070daf786ddba96901acbd2ac108c346d56baa45dd1dbbc9a61f5bab85243ea5d81cdbb6cb1e35e0da2d6cab8cf8af18fe1eb"

[wired-script]
path = "../../../protocol/wit/wired-script"
sha256 = "65cdb490414299571c15d9c6ca2afd9f8322d57e63fe08ff8795904189e34e5f"
sha512 = "aa6d0cb680fb70cf352a87cf2ed676ed493583c13d614aa548fcd67973f611d787bc19c19137f39d94ecdc52591ed40e4a1210b9983c1abb8efdb9881b245249"

[wired-wds]
path = "../../../protocol/wit/wired-wds"
sha256 = "e0131df69ba808e7de6e876021cfc019d6400cd5138c53076529423bb882a3af"
sha512 = "4a1e2abb317aa251cbce49994ca823f6632a659892868a9048bf4e2f8fde48e63dd1f62c3c66fa4542d7f64488150292e667584238a1bb367e3c030315e4637a"
