[unavi-beacon-protocol]
path = "../../unavi-beacon-protocol/wit"
sha256 = "21a65f7948aa28bff73e012b20287521c1badfc0091d4d5b5f8174b29e7cbe12"
sha512 = "6c5c77249fdfa07ba8a1bf82b585627724ce635265232d2b3249708d1d1c970943aa1ffbf0b5f2c70a02be5a8dfd82de4b51bfd24b71f430d82a4c7183e45975"
deps = ["wired-input", "wired-math", "wired-script"]

[unavi-shapes]
path = "../../unavi-shapes/wit"
sha256 = "545b467444538af545b07dbc04f599312613df521aa96de4936a1bc6bc0728a2"
sha512 = "8eba873a7adb2bd67bd9a572a2afffaf0d4070a8ac5f32a7260767e1424a49da5dd9533a28be6e5d959443715c4ebaa190347821de25cc62ce91ccb78d116baf"
deps = ["wired-input", "wired-math", "wired-script"]

[unavi-vui-module]
path = "../../unavi-vui-module/wit"
sha256 = "783f8e1c2295e4a3f6940b008ae682214a968e1eefdd8138f7b4746183de3ea6"
sha512 = "516f2df339be887f700fd3a4a8846fada68dda27c971cfc750e8b794be3a1103f3cf1705e6d2ddd363b1c699b563dd08fadd21fddfd2fac98b84443fc0c41300"
deps = ["wired-input", "wired-math", "wired-script"]

[wired-agent]
path = "../../../protocol/wit/wired-agent"
sha256 = "5c2321946c1b5d41dde2c47269ef5c5ae377131f42be8d313767d3e0b983e321"
sha512 = "3225bb7538c00125ad7d99dd571f71925c600379b27df84f2b6b5af39391c4d4acd7f72c39e2165903e046f28b0cc30513f36bf56f3c164428b59404d5d36ea4"
deps = ["wired-math"]

[wired-event]
path = "../../../protocol/wit/wired-event"
sha256 = "38115d81f540e8fa4774cf8e115b716a25a11683c578a65018f0598f1924c889"
sha512 = "d6821fb33dd91a5b133105015012c5606dd6e9703eb1af9d3cda9d19deecc287a24b0442cf4f742f080a0de840cba7f4af1e9fb227dbffd5e1971869ef31a5a2"
deps = ["wired-math"]

[wired-input]
sha256 = "6ee5b6a2490a888505f7e2d34bb63b923833b71073ad3e62556588ed89ccbbf0"
sha512 = "c24636744060b65494f3a43f45ec0064130834fd4216aa51a077ba1a4263431dcdf9a142985618a27e421bc8dcec1989cc5fe851db8583a4df59911fee12a598"

[wired-math]
sha256 = "ede2249f1a20c35f7e559a47a0b14492a43410db9cabeead2b5012e9905c8686"
sha512 = "64265fb82f9c5df40e4ded3a5929c8c97d7f434bd52d260fafee932b9474691b4222422d539a303dd64df8f575c6c613b7626834d55780bc08b8c9dca5d75eed"

[wired-prelude]
path = "../../../protocol/wit/wired-prelude"
sha256 = "47695cb865ab0a93c0276cf7dfa639825d27eafb3c1229fa4e29522518a8634c"
sha512 = "142a5ad934559dd84a2295dec842afdd37fd357e8854984c9c5035591bb0654993fbd661906d47e619a9dd65369e8d14b7fa208515c61392ee358b62a672887d"
deps = ["wired-input", "wired-math", "wired-script"]

[wired-scene]
path = "../../../protocol/wit/wired-scene"
sha256 = "cbc2e5f770ea1a675a8af97c8fac26f53796164ca8255de298ebf97256503250"
sha512 = "0a3ddfad43e9374c659b618d629c87f63cd3e356a0eac29d65885a73678949918772dad4993c4ca86426c1b8d76c2975e475e81b1289f2846392c02dfc52265a"
deps = ["wired-math"]

[wired-script]
sha256 = "fbb75c23e309c9ecba344ff2e2f0aa454e97bcce3e24b8abb36fc576bf031a1d"
sha512 = "dc73434dcf5aec0109e3aea868833b0a2c73100410be80b20f652298857cec2e6e39dbd71264e4d5a7d476b1a7c8cf74dc456496c81c711b84ee2d3a9962efc3"
