[wired-math]
path = "../wired-math"
sha256 = "ede2249f1a20c35f7e559a47a0b14492a43410db9cabeead2b5012e9905c8686"
sha512 = "64265fb82f9c5df40e4ded3a5929c8c97d7f434bd52d260fafee932b9474691b4222422d539a303dd64df8f575c6c613b7626834d55780bc08b8c9dca5d75eed"

[wired-scene]
path = "../wired-scene"
sha256 = "4115d91c65f7804e956cd1ad309264eb9a8e560d7f6a2f91aa56c522571ab222"
sha512 = "5d037c86e2d9aa8c6da3e091968fcbaf11533eedeccfbd1b679cc90ff9b74c30ece880fa82bd0b4529c0b62423a881e3cb1258983f1e6b98e600a8888eab2dcd"
