[wired-math]
path = "../wired-math"
sha256 = "ede2249f1a20c35f7e559a47a0b14492a43410db9cabeead2b5012e9905c8686"
sha512 = "64265fb82f9c5df40e4ded3a5929c8c97d7f434bd52d260fafee932b9474691b4222422d539a303dd64df8f575c6c613b7626834d55780bc08b8c9dca5d75eed"

[wired-scene]
path = "../wired-scene"
sha256 = "057e9048b05d588e4cbd1a7bd4dbc57cbdb0d13b4f995e45d1741dc2fca92636"
sha512 = "db7268ff727ac8597e5b4ba11ca344fbb45c775b5c6e0a932167c7903e4fb6c795a7a611ae2aaf41bd21414fee3db712f96fea51181e84c8c9f6f005dd3d383c"
