[wired-error]
path = "../wired-error"
sha256 = "0cceb0f50c3818bc94b017cf4ba4969bb531b29a185c50c881487e728a34ef07"
sha512 = "ae1912e84a8056c2eac79411f9383ac92f03867d91a6ed74a807babbaa88f27cdc7075b85895d2f0b66e6a46d2ed6bf40921e7fddc81037a5fff02915dc499df"

[wired-math]
path = "../wired-math"
sha256 = "5827c5d176d5b3ef5549fd894a6831a4e91bd1af99a6593b1914c1e786d1c37c"
sha512 = "b4a9267ae32136b0fbce5aa009e87a5369715cc1f48f68adeaafff11734b9fab63fc5f3352de7afc17529f2219dcb459f321ff43816fb129101fb3d98c9a9d30"

[wired-scene]
path = "../wired-scene"
sha256 = "b87021a2a6c188acdb05b3d3ee5c592cece1a907b3aab54f9a874b7d63f52ac9"
sha512 = "848be721a6981bb52f3157c0014615b1dcfbf9c41e3765c8a413da21bad5902ddfc5ce54b2a21cfe74e8ce694a8d6b0f6fa7c8d592344738b0f938cd58961906"
