[unavi-shapes]
path = "../../unavi-shapes/wit"
sha256 = "1ed7f1a7952c8cdb22ef1d311cda0c887566d55b0322175e75773d32a5977e0e"
sha512 = "aacf2aad8e90734fa82cd1093ee2c594608c7cc6da2418699fc6428be3350caf9f8485b47697badfff9b38f01d0dcb12e3a1f4c1bfc450887f016763308f39e9"

[wired-agent]
path = "../../../protocol/wit/wired-agent"
sha256 = "886e8c017f850c33fc1b20eb22c44c6bfdce8bce9e3bfedcb660bc3dd6d00ea6"
sha512 = "e1a5062fe62956e9963a3915d241f88b0abab3037ac260fd1165e764968bc5365d58e8afbdab5caf73465ad3b18fcfc9f44236e3f10c706383ecd869b17be80b"

[wired-event]
path = "../../../protocol/wit/wired-event"
sha256 = "9fd857c6fbf06d0f2f7a87f331c773a3826077e5f2ec07ae75977f87f67c045c"
sha512 = "40f83dce37ecef0e2e7bf6a54d7a2d73b44489cf500bdaa29069602154db41db66d49c12e3075fdd13865b38484c4d3227f1f203fcb6935adac3d9bbffd0d576"

[wired-input]
path = "../../../protocol/wit/wired-input"
sha256 = "dee4eb3ab2dff50579206f7fcb7a96c34f2f7e3a4386cd4ffbb9ec13609f8147"
sha512 = "d975a1139ff8a4d9aa0912d4fa76fb7d91ee96422f07bda9284292a6f53f9ebb0710aa44e26dccc5c15d87abb6a26d34bd63579a9d661407ed74f43e9ac0e5d3"

[wired-math]
path = "../../../protocol/wit/wired-math"
sha256 = "a05e43aaacb312eea8af596a33257457634ad911bb88f336271c60841b3e9511"
sha512 = "d8c4f5b6d4a13f68a245acec0cb40714d3805a71cb6f3ef99477a7e97ebb36c51967716771a43dbcd818a0f50347ae18294762fa29ee03cec6510da054d561de"

[wired-portal]
path = "../../../protocol/wit/wired-portal"
sha256 = "486defdb7e3d395cbcbef3e5c5028b4cce7a25a0ab022b7711657c865781c7db"
sha512 = "7d3adff9cd6c6287148e32a5e6a619f4abc80f3ce4d0eef851a28a0abe6994d918b5089aa3d0b79ee06b43fd21aefe39874ae17e97ec5b1b6e36360bba5e9495"

[wired-prelude]
path = "../../../protocol/wit/wired-prelude"
sha256 = "285e740e06ea6c18ef6c19a613e897f3a9f40adfa264c8a6d35c6f5fd59c8c11"
sha512 = "b48a239fe9c086a4e498df2e9e574e5f9011d9d097ab705d43d3000922177392f231d8500fd27508b4e3eb9a6b95eec4305352ec6219e7d3f8dc4a9e4b8488a2"

[wired-scene]
path = "../../../protocol/wit/wired-scene"
sha256 = "a6376336ccd8fb15e243ed07cf3cec0efb4702a93b598d2bfd1ec7c07b738634"
sha512 = "c3f173865331ab4ce15fa7afaeb423b37021d7ed5c58bdd9e0931f10ba60072d7908b133d9eb348d96a56f73746a7ddacf63d93edaa5920cfe2689c7eed0e4c6"

[wired-script]
path = "../../../protocol/wit/wired-script"
sha256 = "65cdb490414299571c15d9c6ca2afd9f8322d57e63fe08ff8795904189e34e5f"
sha512 = "aa6d0cb680fb70cf352a87cf2ed676ed493583c13d614aa548fcd67973f611d787bc19c19137f39d94ecdc52591ed40e4a1210b9983c1abb8efdb9881b245249"

[wired-wds]
path = "../../../protocol/wit/wired-wds"
sha256 = "e0131df69ba808e7de6e876021cfc019d6400cd5138c53076529423bb882a3af"
sha512 = "4a1e2abb317aa251cbce49994ca823f6632a659892868a9048bf4e2f8fde48e63dd1f62c3c66fa4542d7f64488150292e667584238a1bb367e3c030315e4637a"
