[unavi-shapes]
path = "../../unavi-shapes/wit"
sha256 = "545b467444538af545b07dbc04f599312613df521aa96de4936a1bc6bc0728a2"
sha512 = "8eba873a7adb2bd67bd9a572a2afffaf0d4070a8ac5f32a7260767e1424a49da5dd9533a28be6e5d959443715c4ebaa190347821de25cc62ce91ccb78d116baf"

[wired-agent]
path = "../../../protocol/wit/wired-agent"
sha256 = "886e8c017f850c33fc1b20eb22c44c6bfdce8bce9e3bfedcb660bc3dd6d00ea6"
sha512 = "e1a5062fe62956e9963a3915d241f88b0abab3037ac260fd1165e764968bc5365d58e8afbdab5caf73465ad3b18fcfc9f44236e3f10c706383ecd869b17be80b"

[wired-event]
path = "../../../protocol/wit/wired-event"
sha256 = "9fd857c6fbf06d0f2f7a87f331c773a3826077e5f2ec07ae75977f87f67c045c"
sha512 = "40f83dce37ecef0e2e7bf6a54d7a2d73b44489cf500bdaa29069602154db41db66d49c12e3075fdd13865b38484c4d3227f1f203fcb6935adac3d9bbffd0d576"

[wired-input]
path = "../../../protocol/wit/wired-input"
sha256 = "dee4eb3ab2dff50579206f7fcb7a96c34f2f7e3a4386cd4ffbb9ec13609f8147"
sha512 = "d975a1139ff8a4d9aa0912d4fa76fb7d91ee96422f07bda9284292a6f53f9ebb0710aa44e26dccc5c15d87abb6a26d34bd63579a9d661407ed74f43e9ac0e5d3"

[wired-math]
path = "../../../protocol/wit/wired-math"
sha256 = "a05e43aaacb312eea8af596a33257457634ad911bb88f336271c60841b3e9511"
sha512 = "d8c4f5b6d4a13f68a245acec0cb40714d3805a71cb6f3ef99477a7e97ebb36c51967716771a43dbcd818a0f50347ae18294762fa29ee03cec6510da054d561de"

[wired-portal]
path = "../../../protocol/wit/wired-portal"
sha256 = "b3ef689215f96ad66fd2bfdd84ba8e3e3f1cb9911ba78d157f6d3fef21d3ae6e"
sha512 = "79f4993c2e1b1f36377e728c2e36c70a5b10e2ff93e1d86bf9c34d3b4895b0322d65a91bfecb17ec8e6cc99e1f2eaac4b43d7b44837d326013280e91017b4e30"

[wired-prelude]
path = "../../../protocol/wit/wired-prelude"
sha256 = "3b524fa416537d019e387c203a1f4e6c198a7e06657f7a0485f0f034c73a5365"
sha512 = "4c14a81d4d841c1a9506d0953173ec8f6f03c0cb96ec37193e917bb40e05bc6c31c6764e0d74f2b1d4f59a3a50f74dd7b8d5ac7dfa858b7586304d0b5bcc540d"

[wired-scene]
path = "../../../protocol/wit/wired-scene"
sha256 = "1ffff03c3e73de71ac32ff1427461ef9469b5c5b17d0e2e48d1fbf653a584b0d"
sha512 = "cbea7b6508c8a85743a6a07bd5b60011860c35e2163018767a1720328d34eb2022a6832b8a6c9ac68b2d17cc8e2b5bcda4a71c35482a9a594db2b87d75e65fd1"

[wired-script]
path = "../../../protocol/wit/wired-script"
sha256 = "65cdb490414299571c15d9c6ca2afd9f8322d57e63fe08ff8795904189e34e5f"
sha512 = "aa6d0cb680fb70cf352a87cf2ed676ed493583c13d614aa548fcd67973f611d787bc19c19137f39d94ecdc52591ed40e4a1210b9983c1abb8efdb9881b245249"

[wired-wds]
path = "../../../protocol/wit/wired-wds"
sha256 = "ae179849803113b2ac0332784d14cf37f99688a65dffa315328d3c5d0718169a"
sha512 = "ac768b4604dee0358b5da88917990e5eec3c6f469ba4a2b86c75c3c78b5f7b9c5cfbd0d962f8855655e1d5f468be06a8ca255f5c45dd0435d74c0437465d1780"
