[wired-math]
path = "../wired-math"
sha256 = "ede2249f1a20c35f7e559a47a0b14492a43410db9cabeead2b5012e9905c8686"
sha512 = "64265fb82f9c5df40e4ded3a5929c8c97d7f434bd52d260fafee932b9474691b4222422d539a303dd64df8f575c6c613b7626834d55780bc08b8c9dca5d75eed"

[wired-scene]
path = "../wired-scene"
sha256 = "23b3eccc519ab00395d2383d979c3ebd6babbad1330ae11bc61dfba2eac58011"
sha512 = "9a5c1e0468735fa0237ab859ef6a27128392c4dbb8c8f3b285280c7380b13570d973929e0396d72724a1b67bc3c1f3f4f0cf1cde36afb9b9a03d8c1ed7f4a040"

[wired-script]
path = "../wired-script"
sha256 = "8cbdc73c86356d100bbdcd7a734a29a2296b4bd5846bb49a441a0a310b5d1654"
sha512 = "21ed6247bf4627c2c903ce4bd81117910fe26be9cfa7f13e88ea82b9b33ecdf33313ac2cd5e043e7161580eafa81073197786e3d2057d1d9cd8ca36887fefbb7"
