[wired-agent]
path = "../wired-agent"
sha256 = "cba23288360348ebd75a152b970877ccb8ea5f7baaadbf2f3637b5fc2ae4fa49"
sha512 = "ed256ad96eaff2c2ff79b0cb493b79cc4a51a99532bbbb5d85bc39aee1212f726177fca062d12d57d1f7c144ca66352685202c603777aadcf84cc34ea4d79445"

[wired-event]
path = "../wired-event"
sha256 = "121412bb44d3dd96fc70db30dfb696fcb05c86fe3cd9621e9902bd95cefc5267"
sha512 = "fb3f769b77cde0d0e20498dab30ba6918062d887e1106cb19e60584119eb8671534ab11d7044bf53ae3e55d2f2f37c6b0b403c7d45aadfe609d42ed4bca34d0f"

[wired-input]
path = "../wired-input"
sha256 = "6ee5b6a2490a888505f7e2d34bb63b923833b71073ad3e62556588ed89ccbbf0"
sha512 = "c24636744060b65494f3a43f45ec0064130834fd4216aa51a077ba1a4263431dcdf9a142985618a27e421bc8dcec1989cc5fe851db8583a4df59911fee12a598"

[wired-math]
path = "../wired-math"
sha256 = "a05e43aaacb312eea8af596a33257457634ad911bb88f336271c60841b3e9511"
sha512 = "d8c4f5b6d4a13f68a245acec0cb40714d3805a71cb6f3ef99477a7e97ebb36c51967716771a43dbcd818a0f50347ae18294762fa29ee03cec6510da054d561de"

[wired-portal]
path = "../wired-portal"
sha256 = "4279004c64b98356b8781ced941adfade001fd6d53ce3b2b40a4778fc87f19a4"
sha512 = "5e250cc8518c47be7057a40b65ad933cbc21c0fdc9961fcfc957681b5f10e23a6d491976978f2a0cbfbf4c0bc236ba86313cd2e8a89813d2745d2d678f0b308e"

[wired-scene]
path = "../wired-scene"
sha256 = "4be51c5c1d6b576bb797bd38df5700d7ec52a24fa159020c5348209387212fe2"
sha512 = "b746575816d42d0145111d6c46120ffb9985d40deb6e01095f54310935752b36b95c03f07a997d4b31d6d87073844018881baf7d850468439bbdf407eead4599"

[wired-script]
path = "../wired-script"
sha256 = "fbb75c23e309c9ecba344ff2e2f0aa454e97bcce3e24b8abb36fc576bf031a1d"
sha512 = "dc73434dcf5aec0109e3aea868833b0a2c73100410be80b20f652298857cec2e6e39dbd71264e4d5a7d476b1a7c8cf74dc456496c81c711b84ee2d3a9962efc3"

[wired-wds]
path = "../wired-wds"
sha256 = "b781bd5dfc4bb7694f09d69c57922197cacd2a3aa1787e6ea57da0adeaf3f252"
sha512 = "7f8bb9898439815fdc008de5bb9c6c4215366d8303dc342b48b3ea32371a516ca2a6f75ddc126137884bae424eacbab393f210397e7ed9d9126abbf2de942a7e"
