[wired-agent]
path = "../wired-agent"
sha256 = "f727af42c33c9019117205d421f26db5336a1e36eb4deb54f3de05498e2ac7bb"
sha512 = "5eae301f90edc0309e0a21f09a8e5a4e958f57752ca66d421eb1c151b12246acde29a28fe3975a61d58c69e31584345292d03e9c554d820314e50031eb980610"

[wired-error]
path = "../wired-error"
sha256 = "0cceb0f50c3818bc94b017cf4ba4969bb531b29a185c50c881487e728a34ef07"
sha512 = "ae1912e84a8056c2eac79411f9383ac92f03867d91a6ed74a807babbaa88f27cdc7075b85895d2f0b66e6a46d2ed6bf40921e7fddc81037a5fff02915dc499df"

[wired-event]
path = "../wired-event"
sha256 = "44434bdc1b156c32648c2245e812c23678f16c32ececd557e062ea2694ff4ff7"
sha512 = "7935a41f43d7796a69dacd142881d10d9958be8aefd5e741ed7966704392dd696736d0c5b438a809608436c8bd3dbbd65b3b57fd8387ef7d08b074fc1ea8dbd5"

[wired-input]
path = "../wired-input"
sha256 = "9f64a73807cdf1e8d05471ce07d2ab2897be6569cf3f9e242c6f777a1db9c590"
sha512 = "e0bdd741b6b051d1d6c3aa022add00f18ea6320b5a99a750eb40e3e287ff7ccf2b50bf3d2b86b7398fba7ef6c35b20a3b94ac390d7e0d03fe83bdd4f8e49c0e6"

[wired-kv]
path = "../wired-kv"
sha256 = "8af7820a4ca72550f8365e38f62d34e5ae4e27765c356ef958d24825303be5c1"
sha512 = "7e05f30e774ed429028110644cb3dad0913fcb4e95a12e259d34cb144665808e20d49a3ac84e0ef074a765f49ccd2783cb939407f0d794b525eb54ebc1574637"

[wired-math]
path = "../wired-math"
sha256 = "5827c5d176d5b3ef5549fd894a6831a4e91bd1af99a6593b1914c1e786d1c37c"
sha512 = "b4a9267ae32136b0fbce5aa009e87a5369715cc1f48f68adeaafff11734b9fab63fc5f3352de7afc17529f2219dcb459f321ff43816fb129101fb3d98c9a9d30"

[wired-peer]
path = "../wired-peer"
sha256 = "1fbfc47dc7eb082b096e210bb42607eb1c19a64d2fbb7a612bf97bf41ca5002d"
sha512 = "86f1cda126348c12e654cdec89e1a3ea4e35c46c4c6d2188f1df75c6ce75ad73ecb2de0c6aaba385b11d910f6831a299d1766eeeca98e45b545f82e23fe945b2"

[wired-physics]
path = "../wired-physics"
sha256 = "ac31a2dddbc7d4eb4a1e7be5b67609e7efd51321a817a894fae1b70e790af32b"
sha512 = "c299d34125882209ce913940b7369711b0bf02e3fa2dbeb55871e3e782e6a1fbbb2d02457dbefe252eb246934b2c9bc131864dd0d28c2d1ed21d8b0634de4c4d"

[wired-portal]
path = "../wired-portal"
sha256 = "06000cae6cdf2c2bf15f734a3aa044e356aa2c920897eb370480a0c9c0bf6a9f"
sha512 = "86b90f057cc386fca27eabb784b5d8a9834a4c7c8f53a1cc92564d5247ca7e05fc743cc82e5a2d3298c75a3ee798fdf7c617b83f53f03dfb24dd395e476b65ce"

[wired-scene]
path = "../wired-scene"
sha256 = "0eb0fefe002c1bf0f47ca7cddc57c8d788e95b40cc3beb9b703af979e58b3a8b"
sha512 = "f2f3de6f0008234534fb46a56e2d8c2910b39007e5d604a8307e61a4c4190d9af6aa10a2a96a1cf2d3f88725f0dd271f80cce34dbb21dc9efe29981843428fce"

[wired-script]
path = "../wired-script"
sha256 = "4521fa92f13d31e60edcd04a931a53a0cfbabb4deed8ca5502bbf020536b7200"
sha512 = "6d79865049129753f9f1fe512fdd53b6d2ac58170981a42219d1758038709fde9a59d96749bd2c505bef6cbbed95c8fc0a8b4eeface6ddcae1a4a509d045baed"

[wired-storage]
path = "../wired-storage"
sha256 = "75a6cf65bd36b5ec79c7373db3106b3dca5d4508a41b1b6822f4bb365a208f41"
sha512 = "c33df6a717fa02f16f258477bafd998f6e14e2a0b9c570b257ca99e8dbded664340f015a2a20f20ebef11475291dd351f7620b99b31e6197698886b77a2c2ee2"
