[unavi-shapes]
path = "../../unavi-shapes/wit"
sha256 = "05e4cfff8b0a828e67f4c2750e52c4c9548d06b6f494508f7c3262a9692ec577"
sha512 = "8fc4cab2d01e666a561af3952050d87ebe2b1370ce7ed55abf06ce6de779c4998e4954e68ffc6c4967a76d83a096432af2afb498169d03e235ba03bb2994a747"
deps = ["wired-agent", "wired-input", "wired-math", "wired-script"]

[wired-agent]
sha256 = "4f0106a51998392d39ba946189f9b79badbf8043c8db2e7d95559ef34c314421"
sha512 = "1d63709e361b8d8926150e4d67d98a1436782a08ea9d90ebdd679f0b1a094e180148c68a521b526f30946f0869fcd08c7b98e29cd7948c6c3c6da11ee01b31e4"

[wired-input]
sha256 = "b4bc303328962bd56b461f74efa137286b035a1878ea78181f421a04f2d0a560"
sha512 = "810e6300bcfa8dd098c68941c6df7ccb993840f7e02c02dd1b33b8738663760808a4aad22d394775da2f73d430ae80beb8660381f3984ca7701798b8c20056e0"

[wired-math]
sha256 = "ede2249f1a20c35f7e559a47a0b14492a43410db9cabeead2b5012e9905c8686"
sha512 = "64265fb82f9c5df40e4ded3a5929c8c97d7f434bd52d260fafee932b9474691b4222422d539a303dd64df8f575c6c613b7626834d55780bc08b8c9dca5d75eed"

[wired-prelude]
path = "../../../protocol/wit/wired-prelude"
sha256 = "7c825bc753a13e8dc4eb9ec76a4e10c8122de56ce01c2a3e2a089cb73e7ae799"
sha512 = "e1280805a3e55cf4e5155bdad6b7c42ca7d976d8d98aa5f7eb091c3de03d24a3c68f6eeb16bf21d60f594e5ec7bb552914b43fcb2a65d83ed4340fe0e9809b03"
deps = ["wired-agent", "wired-input", "wired-math", "wired-script"]

[wired-scene]
path = "../../../protocol/wit/wired-scene"
sha256 = "5a1d04855ff3c853a1cd94a1352f6a71f3621e48546a69781eba2ae1ecd92353"
sha512 = "f192959f1098fcbc9630452dd6963b553cf65ba04eeb0d53ae48382833673511298a951ad1792776b8a59eb0bcc83312c4823c52c0d0a633347a6f07b7fe2e78"
deps = ["wired-math"]

[wired-script]
sha256 = "fbb75c23e309c9ecba344ff2e2f0aa454e97bcce3e24b8abb36fc576bf031a1d"
sha512 = "dc73434dcf5aec0109e3aea868833b0a2c73100410be80b20f652298857cec2e6e39dbd71264e4d5a7d476b1a7c8cf74dc456496c81c711b84ee2d3a9962efc3"
