[unavi-shapes]
path = "../../unavi-shapes/wit"
sha256 = "626aa2caa1ecc7c07ae276c873cf0ab526417506cc18fd59d30a990609295c25"
sha512 = "46bbebc46e33ed7aa94dd880161ae2bace69c7785728ad26d0daa37a193bc322e715de4a0b62a6ad5d03e0ec2cf47be598f458a0e6b909ce05c88e4785934e79"
deps = ["wired-agent", "wired-math", "wired-script"]

[wired-agent]
sha256 = "4f0106a51998392d39ba946189f9b79badbf8043c8db2e7d95559ef34c314421"
sha512 = "1d63709e361b8d8926150e4d67d98a1436782a08ea9d90ebdd679f0b1a094e180148c68a521b526f30946f0869fcd08c7b98e29cd7948c6c3c6da11ee01b31e4"

[wired-math]
sha256 = "ede2249f1a20c35f7e559a47a0b14492a43410db9cabeead2b5012e9905c8686"
sha512 = "64265fb82f9c5df40e4ded3a5929c8c97d7f434bd52d260fafee932b9474691b4222422d539a303dd64df8f575c6c613b7626834d55780bc08b8c9dca5d75eed"

[wired-prelude]
path = "../../../protocol/wit/wired-prelude"
sha256 = "cc222265173f15c131283da22d73b824052ec8409dc5b1c5554b731d0285af68"
sha512 = "46413738eaab652b06cc2c37aaa2dc8ef2af7a642b96b39122916e9f760629d1a54cd3ae38b7b96a40b16e18fc5f97145ab0496aa7f5fdfa22b183d8542dac11"
deps = ["wired-agent", "wired-math", "wired-script"]

[wired-scene]
path = "../../../protocol/wit/wired-scene"
sha256 = "c90d9ab1105c50a754d9fc6e6e6a459d24dc96f7ef217b67e531710da78eec9e"
sha512 = "a394163f7d17f6686666f6ebf33f6672d8b9b57967a17f3830811f9e728f5cee076a8c2cc9992fde662d31d6070c28f2843427d31f44d8b6d62ae01584683663"
deps = ["wired-math"]

[wired-script]
sha256 = "fbb75c23e309c9ecba344ff2e2f0aa454e97bcce3e24b8abb36fc576bf031a1d"
sha512 = "dc73434dcf5aec0109e3aea868833b0a2c73100410be80b20f652298857cec2e6e39dbd71264e4d5a7d476b1a7c8cf74dc456496c81c711b84ee2d3a9962efc3"
