[wired-ecs]
path = "../../../protocol/wit/wired-ecs"
sha256 = "3d6fca2f0a28fde134b65887f116a157ee3d29477e99a95894940cec24bcfcae"
sha512 = "2320a3b7cf44b0bf40d3a9d7265df70e7f3a573c5c82d6c34bb146b7a6712848780cb52c65800f8850f027e4f5a609283f54c670eb239615d26c4b62c1d52f6f"

[wired-math]
path = "../../../protocol/wit/wired-math"
sha256 = "eeba7983ee9161bede85728d15f2e525289596cfa14cc228eeccf953004e5341"
sha512 = "d70d759488024ceda7f0e2326cc582e97358ed6bfc57eb170c125f7436328b989838ec786e3e1f7a0da3a11a0a801ca4e8a0251c1571646acf25801ffa995cd1"
