[wired-ecs]
path = "../../../protocol/wit/wired-ecs"
sha256 = "b7c710d8f7ebd7bc2f392425b524a635b1d05809cd7f09d3bf550aef3d2b69fd"
sha512 = "532020b2c113aaef53038f5dacf3dc98df405e1ab42fa3d9b98801af035846d47a95381fcd2b228bad727d73bf636a1feb5f6f6ac34ff9d2d4c86bd457e25bcc"

[wired-math]
path = "../../../protocol/wit/wired-math"
sha256 = "eeba7983ee9161bede85728d15f2e525289596cfa14cc228eeccf953004e5341"
sha512 = "d70d759488024ceda7f0e2326cc582e97358ed6bfc57eb170c125f7436328b989838ec786e3e1f7a0da3a11a0a801ca4e8a0251c1571646acf25801ffa995cd1"
