[wired-ecs]
path = "../../../protocol/wit/wired-ecs"
sha256 = "2eba9717ddfe94973c31d6ef665d4f61bbee56ccb9a0e2e3c383ca96789aa3b4"
sha512 = "0167c847c947e293236babe1d62b1787a8a207519e87c5ffd188f2ad8c0d64bc353b79bb68e34a1b6662b76e71c8cca928773cc94b89e8e5d7d61c59a1a607c8"

[wired-math]
path = "../../../protocol/wit/wired-math"
sha256 = "eeba7983ee9161bede85728d15f2e525289596cfa14cc228eeccf953004e5341"
sha512 = "d70d759488024ceda7f0e2326cc582e97358ed6bfc57eb170c125f7436328b989838ec786e3e1f7a0da3a11a0a801ca4e8a0251c1571646acf25801ffa995cd1"
