[wired-ecs]
sha256 = "317744493914f8fe0dd4939ae642f9050be13d112288fa8c95240eb59489b0a7"
sha512 = "82251f9b2e9568a6bad5d8f7f939c084094117bc5407be37cc20627182a0af9ac3be887fc14c8d43320681f8478ee4179c12387d1da6666c4082cb40b9bbbccc"

[wired-math]
sha256 = "eeba7983ee9161bede85728d15f2e525289596cfa14cc228eeccf953004e5341"
sha512 = "d70d759488024ceda7f0e2326cc582e97358ed6bfc57eb170c125f7436328b989838ec786e3e1f7a0da3a11a0a801ca4e8a0251c1571646acf25801ffa995cd1"

[wired-prelude]
path = "../../../protocol/wit/wired-prelude"
sha256 = "678c76b572c5efdb17e6e08cbbb6bcbea941234c4140e73a7d28e26b11834547"
sha512 = "059bb1d9b42458d27c6805155c4f021670537a3387f423fda68949311e5f394764b8364a77c54866175aebc7659265f07c26fc827bc65a44d82ffd2ec17a59af"
deps = ["wired-ecs", "wired-math", "wired-scene"]

[wired-scene]
sha256 = "0bd89c87ccf7d90d6ef2ae79e519e696a6703bb7438e32fd881decc3295c4eb1"
sha512 = "3bb6fd00c451b3be36f7c3fd6b379b5436f91d01ccd216896d4891a10ae3053fea8614d406b6c277d07b791496a98c7e865e2dfd706f7bc5f66a8e4ebecdc492"
