[unavi-shapes]
path = "../../unavi-shapes/wit"
sha256 = "05e4cfff8b0a828e67f4c2750e52c4c9548d06b6f494508f7c3262a9692ec577"
sha512 = "8fc4cab2d01e666a561af3952050d87ebe2b1370ce7ed55abf06ce6de779c4998e4954e68ffc6c4967a76d83a096432af2afb498169d03e235ba03bb2994a747"
deps = ["wired-agent", "wired-math", "wired-script"]

[wired-agent]
sha256 = "4f0106a51998392d39ba946189f9b79badbf8043c8db2e7d95559ef34c314421"
sha512 = "1d63709e361b8d8926150e4d67d98a1436782a08ea9d90ebdd679f0b1a094e180148c68a521b526f30946f0869fcd08c7b98e29cd7948c6c3c6da11ee01b31e4"

[wired-math]
sha256 = "ede2249f1a20c35f7e559a47a0b14492a43410db9cabeead2b5012e9905c8686"
sha512 = "64265fb82f9c5df40e4ded3a5929c8c97d7f434bd52d260fafee932b9474691b4222422d539a303dd64df8f575c6c613b7626834d55780bc08b8c9dca5d75eed"

[wired-prelude]
path = "../../../protocol/wit/wired-prelude"
sha256 = "cc222265173f15c131283da22d73b824052ec8409dc5b1c5554b731d0285af68"
sha512 = "46413738eaab652b06cc2c37aaa2dc8ef2af7a642b96b39122916e9f760629d1a54cd3ae38b7b96a40b16e18fc5f97145ab0496aa7f5fdfa22b183d8542dac11"
deps = ["wired-agent", "wired-math", "wired-script"]

[wired-scene]
path = "../../../protocol/wit/wired-scene"
sha256 = "2df2ba7564315f73f768db8ebb98ceb9ae7bf7232458332b84adc28fac08b634"
sha512 = "ca43a1e60bdda6ae5f699e1ff06019a40788e4ae373c1f1a7c943eabc3e0c545e55faf2dca4cd939c5ab0a7b5556939c4f910abf0cbf37d85542ea12c8472eec"
deps = ["wired-math"]

[wired-script]
sha256 = "fbb75c23e309c9ecba344ff2e2f0aa454e97bcce3e24b8abb36fc576bf031a1d"
sha512 = "dc73434dcf5aec0109e3aea868833b0a2c73100410be80b20f652298857cec2e6e39dbd71264e4d5a7d476b1a7c8cf74dc456496c81c711b84ee2d3a9962efc3"
