[unavi-vui-module]
path = "../../unavi-vui-module/wit"
sha256 = "783f8e1c2295e4a3f6940b008ae682214a968e1eefdd8138f7b4746183de3ea6"
sha512 = "516f2df339be887f700fd3a4a8846fada68dda27c971cfc750e8b794be3a1103f3cf1705e6d2ddd363b1c699b563dd08fadd21fddfd2fac98b84443fc0c41300"

[wired-agent]
path = "../../../protocol/wit/wired-agent"
sha256 = "af58d6a989ac30152feea03c7f38eb72245db78d43a9492e23f8c06c263b5f77"
sha512 = "8324df69ad5b3773754b97de2096e5bc48102bb44918a9aa1b44ef25e4441f1a0a135fc94c4b619a97c10c497754eba88380cc780342e7f497a30eea3d519950"

[wired-event]
path = "../../../protocol/wit/wired-event"
sha256 = "9866ae3a90757ead02e29b98fd363def0b054fae48c3cf76982266bb90017503"
sha512 = "7a7c415ff50fbe06c22cd542280e72bd67c990a55a1e48cec8fd9091659a221c98c62b0a1a973e6e9f34d0e6669c54e10b065a7f7b6bd40dc7523624695d3ffa"

[wired-input]
path = "../../../protocol/wit/wired-input"
sha256 = "6c2006320e47949a203cb46bb70b43a7b9489bfd80992ad6e087256e03fdac27"
sha512 = "f5f9c39498c18314e8ad59e86b2902876da30cdcc478d3883f89290fc59b74eebb0c8bb5a5e911de967b442988392c3f2e665a755c6473c64cf2d29aa327ebc2"

[wired-math]
path = "../../../protocol/wit/wired-math"
sha256 = "a05e43aaacb312eea8af596a33257457634ad911bb88f336271c60841b3e9511"
sha512 = "d8c4f5b6d4a13f68a245acec0cb40714d3805a71cb6f3ef99477a7e97ebb36c51967716771a43dbcd818a0f50347ae18294762fa29ee03cec6510da054d561de"

[wired-portal]
path = "../../../protocol/wit/wired-portal"
sha256 = "b3ef689215f96ad66fd2bfdd84ba8e3e3f1cb9911ba78d157f6d3fef21d3ae6e"
sha512 = "79f4993c2e1b1f36377e728c2e36c70a5b10e2ff93e1d86bf9c34d3b4895b0322d65a91bfecb17ec8e6cc99e1f2eaac4b43d7b44837d326013280e91017b4e30"

[wired-prelude]
path = "../../../protocol/wit/wired-prelude"
sha256 = "3b524fa416537d019e387c203a1f4e6c198a7e06657f7a0485f0f034c73a5365"
sha512 = "4c14a81d4d841c1a9506d0953173ec8f6f03c0cb96ec37193e917bb40e05bc6c31c6764e0d74f2b1d4f59a3a50f74dd7b8d5ac7dfa858b7586304d0b5bcc540d"

[wired-scene]
path = "../../../protocol/wit/wired-scene"
sha256 = "a16f86a1e8478810385dbe22a808aca2a817c04e83e8f8531b35bf32377b6192"
sha512 = "ea462a2c75e3142785311a00fc0f3f321b4aea508ed98cac2a08740c0225da5656c3bcb8a22443edd8e9dc00ec8e58258037c906612d611c55a5844cdd193890"

[wired-script]
path = "../../../protocol/wit/wired-script"
sha256 = "65cdb490414299571c15d9c6ca2afd9f8322d57e63fe08ff8795904189e34e5f"
sha512 = "aa6d0cb680fb70cf352a87cf2ed676ed493583c13d614aa548fcd67973f611d787bc19c19137f39d94ecdc52591ed40e4a1210b9983c1abb8efdb9881b245249"

[wired-wds]
path = "../../../protocol/wit/wired-wds"
sha256 = "ae179849803113b2ac0332784d14cf37f99688a65dffa315328d3c5d0718169a"
sha512 = "ac768b4604dee0358b5da88917990e5eec3c6f469ba4a2b86c75c3c78b5f7b9c5cfbd0d962f8855655e1d5f468be06a8ca255f5c45dd0435d74c0437465d1780"
