[unavi-vui-module]
path = "../../unavi-vui-module/wit"
sha256 = "e78b523b883ce88c7ddebd957e6c85ca35d84d062d499587c6a6c2eccf796121"
sha512 = "1dcf21e1864502fd9eec9c80a329e6cfe6cad0109483e99668ba8548ff475c06220bf7a84f3ebb23b20bfef9a850080087ccebe7ef1bb99a686e59e7d44c4377"

[wired-agent]
path = "../../../protocol/wit/wired-agent"
sha256 = "e5123fa086ec72432bcc5aff0225fc5f669a61053a3b8c2f9aac13a7985c682a"
sha512 = "7bdfb6fe32bc2d239d640c38b165fa6fd07217199eeaab37e8990d6d14e508ac4875ebcfd9c54f9dcb4fd1cab00b0d89b84149294acc4a7225e258caddc1ec21"

[wired-event]
path = "../../../protocol/wit/wired-event"
sha256 = "9ed241344ca218d057b9b1e1423eb51c32849428e9c34b17df52bb20c667a32c"
sha512 = "b1ae27091014ec92ea2841caf087debdc3b2ef8d7d605746a18b838dbc506f0b215355f576c402a9e178d7ff5961bc0f0bb96285db03ce73c4773fc7f68d2dbe"

[wired-input]
path = "../../../protocol/wit/wired-input"
sha256 = "ebda0ee2a24931733d62931d69c299e10c0e083d3fcb2efb7ee39af45dd53eba"
sha512 = "3a4652963978bb8dff295e2907fb1e30af32dd0bf517a76e36067416eca6f469a749382337804a7a44f59f7bfe1d3d5c80921f8d2386a848f567ce3232f2cf03"

[wired-kv]
path = "../../../protocol/wit/wired-kv"
sha256 = "4ac70e90d8fdc274fe70655c6a0c636db1f3cbcfd67cfe78cef34fff0bd6277f"
sha512 = "17c406fa327895b080f1969f9251c76aea91ce75229490e110bddab41e6e9d7bd894de8336f911896551a3f4083ecba0b20400914357a6d467d6cbda9ce7eb07"

[wired-math]
path = "../../../protocol/wit/wired-math"
sha256 = "5827c5d176d5b3ef5549fd894a6831a4e91bd1af99a6593b1914c1e786d1c37c"
sha512 = "b4a9267ae32136b0fbce5aa009e87a5369715cc1f48f68adeaafff11734b9fab63fc5f3352de7afc17529f2219dcb459f321ff43816fb129101fb3d98c9a9d30"

[wired-prelude]
path = "../../../protocol/wit/wired-prelude"
sha256 = "bff409c914fc1aaad5813dafb3b9379ca6ac879b45fc8e00a59340c123001461"
sha512 = "5c9371e7b3c01ba1cb389ea54e145e19c3fff1cb9c266124bee6f6e633ef2b258e0b27ca89d8fea77667b123907ccaba07c2f69c661d9dee717d669fe163d4eb"

[wired-scene]
path = "../../../protocol/wit/wired-scene"
sha256 = "398b52c07d0daf639b24365640e76a68104c5c5f5ab29a45f643e74b1f0cf8f6"
sha512 = "f85f51e6b10ecb52e8825ab38754b7e27ffee80f851dc422b297ca386e002e2697796cb4653458db74f8ebebb9ca6f1396a2ca8654073649cac33a02759731d0"

[wired-script]
path = "../../../protocol/wit/wired-script"
sha256 = "18468afb02b6051e937656a47c187e0fdc1e861bb84efa529cbb4db3c3c8e655"
sha512 = "6f14f666f3597365b98f6d98e5ac3304a13d0fb37edb89ca8dd8dd5664cac5e40ca463a353d4df074dd7439ff9efa3fdf1d1f71541d1ccf43b65ee084c465825"

[wired-wds]
path = "../../../protocol/wit/wired-wds"
sha256 = "204ca7bb33efe91b8238579a4220bb6659ce1e9ee490b79c9cd4e89b7f7ac2c1"
sha512 = "b339793dd24a70dadc4d47d912afbac3020bc05c1d99c385c913e92ddeb1c6ffc93839859725e0eb08fd919398a74369a1af3953901dee0b7e4119ea17e752b4"
