[wired-ecs]
path = "../../../protocol/wit/wired-ecs"
sha256 = "2adb385b65a2b4414e9d179e8c629844623d260db34941ba2e5a970b9629f73c"
sha512 = "60d0ba9aefd4dc18831e87b2ec45034b4b835d0e3f2d4e6547991d4d3c24ee6678497568db4e292cb74ff4a55de161b8c9840d4323a72da7abd9e2a7286413e5"

[wired-math]
path = "../../../protocol/wit/wired-math"
sha256 = "eeba7983ee9161bede85728d15f2e525289596cfa14cc228eeccf953004e5341"
sha512 = "d70d759488024ceda7f0e2326cc582e97358ed6bfc57eb170c125f7436328b989838ec786e3e1f7a0da3a11a0a801ca4e8a0251c1571646acf25801ffa995cd1"
