[wired-ecs]
path = "../../../protocol/wit/wired-ecs"
sha256 = "94286fad1542b5b0f8d69f1e697e8a57d17df18aeafed90f66732d489d7056c4"
sha512 = "43f051d102d4d87bb7f478147a399c598ab97c139f81107a840a0535d5a597b7684ed9b96e0f4b5dc9d6ccbf24484f72f9e0298963cd6c568a99ae59b7534b2b"

[wired-math]
path = "../../../protocol/wit/wired-math"
sha256 = "eeba7983ee9161bede85728d15f2e525289596cfa14cc228eeccf953004e5341"
sha512 = "d70d759488024ceda7f0e2326cc582e97358ed6bfc57eb170c125f7436328b989838ec786e3e1f7a0da3a11a0a801ca4e8a0251c1571646acf25801ffa995cd1"
