[wired-ecs]
path = "../../../protocol/wit/wired-ecs"
sha256 = "979c77943357a579a56297fc3a2cc668ecbb478574c150a7a49dccbde52e21a5"
sha512 = "9d27b5e46a3c5956e2bfa60c4831337c824b866620a1c0a45c4874794617ab067d76ce4d3fa4bb35d1d3f9b797386f5669d0fe732fa07cd9f128842f9d367737"

[wired-math]
path = "../../../protocol/wit/wired-math"
sha256 = "eeba7983ee9161bede85728d15f2e525289596cfa14cc228eeccf953004e5341"
sha512 = "d70d759488024ceda7f0e2326cc582e97358ed6bfc57eb170c125f7436328b989838ec786e3e1f7a0da3a11a0a801ca4e8a0251c1571646acf25801ffa995cd1"
