[wired-math]
sha256 = "ede2249f1a20c35f7e559a47a0b14492a43410db9cabeead2b5012e9905c8686"
sha512 = "64265fb82f9c5df40e4ded3a5929c8c97d7f434bd52d260fafee932b9474691b4222422d539a303dd64df8f575c6c613b7626834d55780bc08b8c9dca5d75eed"

[wired-scene]
path = "../wired-scene"
sha256 = "38a524cf82f7fe645a04d525c7a6a8dded2ca9459e22346d6a08ccc289d2921a"
sha512 = "571cc5e4bc817f8a7f32a130cf2395b4edb6744fc0bde42a495e86890505525c5e1a5b7c7a8fe3746f65770b42c9f650ef04340c092f2885bea797844d2f834c"
deps = ["wired-math"]
