[wired-math]
sha256 = "ede2249f1a20c35f7e559a47a0b14492a43410db9cabeead2b5012e9905c8686"
sha512 = "64265fb82f9c5df40e4ded3a5929c8c97d7f434bd52d260fafee932b9474691b4222422d539a303dd64df8f575c6c613b7626834d55780bc08b8c9dca5d75eed"

[wired-scene]
path = "../wired-scene"
sha256 = "a6db7bb4ecab7edb3ae44d13754e328093d10277ac88219926bc854de539a3b2"
sha512 = "bc2961c0f336fd0d9e5a8a0c8f85b9d4cf28401228f358c9bde495caaa229e78c4413c7fe7b0b1c7970f7d108b31d979ce1fbbdbc46bce525a0cc9235114e4ca"
deps = ["wired-math"]
