[wired-error]
path = "../wired-error"
sha256 = "c364e480a9913d5e2c61838fd4a63f676b970e45e903a3edc4f2709cb95a280e"
sha512 = "6d1ded9ad0da5f72f7de98ec13c3ef5ac204928a065906394838f52bd16a69b340ff948860617601ceeb3e6847282168e4397524c006e53f31c9a3bd224fe777"

[wired-math]
sha256 = "5827c5d176d5b3ef5549fd894a6831a4e91bd1af99a6593b1914c1e786d1c37c"
sha512 = "b4a9267ae32136b0fbce5aa009e87a5369715cc1f48f68adeaafff11734b9fab63fc5f3352de7afc17529f2219dcb459f321ff43816fb129101fb3d98c9a9d30"

[wired-scene]
path = "../wired-scene"
sha256 = "bab0d85474fedc203524246a1fd49f0ef5bddf6beb3f25c539cc351f7885ba19"
sha512 = "aa745b7a7321057adc2a6b22662d935b79712144c4fbbc514dc9839d4878ee4bde047234f079f39a8711aa2f404502e5df34d099c79725d50675e57123893731"
deps = ["wired-math"]
