[wired-core]
path = "../wired-core"
sha256 = "f9021028f2e01c2a45e614c326fbc8028735d57425231def0849519ba56c9b57"
sha512 = "71026034743519bd4705d581c663bfee44801d93d104cdb354fa863e54dcdfc34ef10d2e431e75d295bad762e187c20b6733c4265cc16bcbd37686ee5b1eb46a"

[wired-scene]
path = "../wired-scene"
sha256 = "15ab73d923e8d73a4c64a0eb8ad911b14ca1309bbf79a67e635e8c5b1974086f"
sha512 = "9911a7fb0f89d97b68902a148261050abc5b6f21e0e95207eea65775947656d7952d617539175969f1037b72ad2d72099dbaf677d25b7a15cffbb1637d37813d"
