[wired-core]
path = "../wired-core"
sha256 = "c64ffc6b9f61961e3bd5a4c01ca3099f90c915b3531400d1e3b2ae1404923c5a"
sha512 = "cd1e4d4c7bc9363b674f98901399c9ebcbbff16329bfc3be4685445cfa73c78f5b314baa08f2517523c1ea8cd036731ee2289cc5e38e8bf0b6c9a3be48cc6670"

[wired-scene]
path = "../wired-scene"
sha256 = "ed67c662bbd3bfadc325764afdbc4c026a8cce55c24e87b6e1a799b21a107ac7"
sha512 = "758afdfc34b2ca145ed1a7d4a75894392095870950a5e48ad37ff05ea6f0d4f14c1b0ab1792872ac59b26fe394625fd09a94bc8d6578a7f75f5f945c75586e56"
