[wired-math]
sha256 = "a05e43aaacb312eea8af596a33257457634ad911bb88f336271c60841b3e9511"
sha512 = "d8c4f5b6d4a13f68a245acec0cb40714d3805a71cb6f3ef99477a7e97ebb36c51967716771a43dbcd818a0f50347ae18294762fa29ee03cec6510da054d561de"

[wired-scene]
path = "../wired-scene"
sha256 = "4be51c5c1d6b576bb797bd38df5700d7ec52a24fa159020c5348209387212fe2"
sha512 = "b746575816d42d0145111d6c46120ffb9985d40deb6e01095f54310935752b36b95c03f07a997d4b31d6d87073844018881baf7d850468439bbdf407eead4599"
deps = ["wired-math"]
