[wired-math]
sha256 = "ede2249f1a20c35f7e559a47a0b14492a43410db9cabeead2b5012e9905c8686"
sha512 = "64265fb82f9c5df40e4ded3a5929c8c97d7f434bd52d260fafee932b9474691b4222422d539a303dd64df8f575c6c613b7626834d55780bc08b8c9dca5d75eed"

[wired-scene]
path = "../wired-scene"
sha256 = "5a1d04855ff3c853a1cd94a1352f6a71f3621e48546a69781eba2ae1ecd92353"
sha512 = "f192959f1098fcbc9630452dd6963b553cf65ba04eeb0d53ae48382833673511298a951ad1792776b8a59eb0bcc83312c4823c52c0d0a633347a6f07b7fe2e78"
deps = ["wired-math"]
