[wired-math]
path = "../../../protocol/wit/wired-math"
sha256 = "ede2249f1a20c35f7e559a47a0b14492a43410db9cabeead2b5012e9905c8686"
sha512 = "64265fb82f9c5df40e4ded3a5929c8c97d7f434bd52d260fafee932b9474691b4222422d539a303dd64df8f575c6c613b7626834d55780bc08b8c9dca5d75eed"

[wired-scene]
path = "../../../protocol/wit/wired-scene"
sha256 = "0bd89c87ccf7d90d6ef2ae79e519e696a6703bb7438e32fd881decc3295c4eb1"
sha512 = "3bb6fd00c451b3be36f7c3fd6b379b5436f91d01ccd216896d4891a10ae3053fea8614d406b6c277d07b791496a98c7e865e2dfd706f7bc5f66a8e4ebecdc492"
