[wired-core]
path = "../wired-core"
sha256 = "ad55a9968a3c1c7bd5d89e372b1da4297ff5c945722f5b4522f826db36dfa648"
sha512 = "c8f942a43dc791529fb8134bec4fc9ac6dc2d8de40165af5fdc202c49b37fd957c27034cf4313fbefac1dd6b1dc57417579da45ad9bcf13609c6eb1ae1b3e478"

[wired-scene]
path = "../wired-scene"
sha256 = "535b3e4ad777369108fad1bbf3a82fab6740b464642104d45cfec51446e77280"
sha512 = "32e61d0bdac6c1256d723519ebddb9e6cfe35c6e9e96079da68056e401bb31ae387d32fcea8ac2603794e0064d66f09b7fca9fd55d1ae3c000a93e2baa06429b"
